// !$*UTF8*$!
{
	archiveVersion = 1;
	classes = {
	};
	objectVersion = 77;
	objects = {

/* Begin PBXBuildFile section */
		5613C34C2CAED2DA00E42FB0 /* LaunchScreen.storyboard in Resources */ = {isa = PBXBuildFile; fileRef = 5613C3452CAED2DA00E42FB0 /* LaunchScreen.storyboard */; };
		5613C34E2CAED2DA00E42FB0 /* Assets.xcassets in Resources */ = {isa = PBXBuildFile; fileRef = 5613C3422CAED2DA00E42FB0 /* Assets.xcassets */; };
		56C4941F2CC6287200E234C0 /* LoginViewController.swift in Sources */ = {isa = PBXBuildFile; fileRef = 56C4941C2CC6287200E234C0 /* LoginViewController.swift */; };
		56C494202CC6287200E234C0 /* SignUpViewController.swift in Sources */ = {isa = PBXBuildFile; fileRef = 56C4941D2CC6287200E234C0 /* SignUpViewController.swift */; };
		56C494242CC6287B00E234C0 /* LoginView.swift in Sources */ = {isa = PBXBuildFile; fileRef = 56C494212CC6287B00E234C0 /* LoginView.swift */; };
		56C494252CC6287B00E234C0 /* SignUpView.swift in Sources */ = {isa = PBXBuildFile; fileRef = 56C494222CC6287B00E234C0 /* SignUpView.swift */; };
		56C494262CC6299400E234C0 /* AppDelegate.swift in Sources */ = {isa = PBXBuildFile; fileRef = 5613C3412CAED2DA00E42FB0 /* AppDelegate.swift */; };
		56C494272CC6299400E234C0 /* SceneDelegate.swift in Sources */ = {isa = PBXBuildFile; fileRef = 5613C3462CAED2DA00E42FB0 /* SceneDelegate.swift */; };
		56C494282CC6299400E234C0 /* ChatListDataSource.swift in Sources */ = {isa = PBXBuildFile; fileRef = 56F6B40A2CB2FC99007AB54B /* ChatListDataSource.swift */; };
		56C494292CC6299400E234C0 /* ChatListModel.swift in Sources */ = {isa = PBXBuildFile; fileRef = 563DA8912CAEDB68004CE389 /* ChatListModel.swift */; };
		56C4942A2CC6299400E234C0 /* ChatListViewController.swift in Sources */ = {isa = PBXBuildFile; fileRef = 5613C3512CAED2F800E42FB0 /* ChatListViewController.swift */; };
		56C4942B2CC6299400E234C0 /* ChatListTableViewCell.swift in Sources */ = {isa = PBXBuildFile; fileRef = 5613C3552CAED40500E42FB0 /* ChatListTableViewCell.swift */; };
/* End PBXBuildFile section */

/* Begin PBXFileReference section */
		5613C3412CAED2DA00E42FB0 /* AppDelegate.swift */ = {isa = PBXFileReference; lastKnownFileType = sourcecode.swift; path = AppDelegate.swift; sourceTree = "<group>"; };
		5613C3422CAED2DA00E42FB0 /* Assets.xcassets */ = {isa = PBXFileReference; lastKnownFileType = folder.assetcatalog; path = Assets.xcassets; sourceTree = "<group>"; };
		5613C3432CAED2DA00E42FB0 /* Info.plist */ = {isa = PBXFileReference; lastKnownFileType = text.plist.xml; path = Info.plist; sourceTree = "<group>"; };
		5613C3442CAED2DA00E42FB0 /* Base */ = {isa = PBXFileReference; lastKnownFileType = file.storyboard; name = Base; path = Base.lproj/LaunchScreen.storyboard; sourceTree = "<group>"; };
		5613C3462CAED2DA00E42FB0 /* SceneDelegate.swift */ = {isa = PBXFileReference; lastKnownFileType = sourcecode.swift; path = SceneDelegate.swift; sourceTree = "<group>"; };
		5613C3512CAED2F800E42FB0 /* ChatListViewController.swift */ = {isa = PBXFileReference; lastKnownFileType = sourcecode.swift; path = ChatListViewController.swift; sourceTree = "<group>"; };
		5613C3552CAED40500E42FB0 /* ChatListTableViewCell.swift */ = {isa = PBXFileReference; lastKnownFileType = sourcecode.swift; path = ChatListTableViewCell.swift; sourceTree = "<group>"; };
		563DA8912CAEDB68004CE389 /* ChatListModel.swift */ = {isa = PBXFileReference; lastKnownFileType = sourcecode.swift; path = ChatListModel.swift; sourceTree = "<group>"; };
		5682684F2CAE8219000E364A /* LearningSprint.app */ = {isa = PBXFileReference; explicitFileType = wrapper.application; includeInIndex = 0; path = LearningSprint.app; sourceTree = BUILT_PRODUCTS_DIR; };
		56C4941C2CC6287200E234C0 /* LoginViewController.swift */ = {isa = PBXFileReference; lastKnownFileType = sourcecode.swift; path = LoginViewController.swift; sourceTree = "<group>"; };
		56C4941D2CC6287200E234C0 /* SignUpViewController.swift */ = {isa = PBXFileReference; lastKnownFileType = sourcecode.swift; path = SignUpViewController.swift; sourceTree = "<group>"; };
		56C494212CC6287B00E234C0 /* LoginView.swift */ = {isa = PBXFileReference; lastKnownFileType = sourcecode.swift; path = LoginView.swift; sourceTree = "<group>"; };
		56C494222CC6287B00E234C0 /* SignUpView.swift */ = {isa = PBXFileReference; lastKnownFileType = sourcecode.swift; path = SignUpView.swift; sourceTree = "<group>"; };
		56F6B40A2CB2FC99007AB54B /* ChatListDataSource.swift */ = {isa = PBXFileReference; lastKnownFileType = sourcecode.swift; path = ChatListDataSource.swift; sourceTree = "<group>"; };
/* End PBXFileReference section */

/* Begin PBXFrameworksBuildPhase section */
		5682684C2CAE8219000E364A /* Frameworks */ = {
			isa = PBXFrameworksBuildPhase;
			buildActionMask = 2147483647;
			files = (
			);
			runOnlyForDeploymentPostprocessing = 0;
		};
/* End PBXFrameworksBuildPhase section */

/* Begin PBXGroup section */
		5613C3482CAED2DA00E42FB0 /* LearningSprint */ = {
			isa = PBXGroup;
			children = (
				5613C3412CAED2DA00E42FB0 /* AppDelegate.swift */,
				5613C3462CAED2DA00E42FB0 /* SceneDelegate.swift */,
				56C494232CC6287B00E234C0 /* View */,
				56C4941E2CC6287200E234C0 /* Controller */,
				5613C34F2CAED2DF00E42FB0 /* ChatListScene */,
				5613C3422CAED2DA00E42FB0 /* Assets.xcassets */,
				5613C3432CAED2DA00E42FB0 /* Info.plist */,
				5613C3452CAED2DA00E42FB0 /* LaunchScreen.storyboard */,
			);
			path = LearningSprint;
			sourceTree = "<group>";
		};
		5613C34F2CAED2DF00E42FB0 /* ChatListScene */ = {
			isa = PBXGroup;
			children = (
				56C4942E2CC630F500E234C0 /* Models */,
				56C4942D2CC630F000E234C0 /* Views */,
				56C4942C2CC630E500E234C0 /* Controllers */,
			);
			path = ChatListScene;
			sourceTree = "<group>";
		};
		568268462CAE8219000E364A = {
			isa = PBXGroup;
			children = (
				5613C3482CAED2DA00E42FB0 /* LearningSprint */,
				568268502CAE8219000E364A /* Products */,
			);
			sourceTree = "<group>";
		};
		568268502CAE8219000E364A /* Products */ = {
			isa = PBXGroup;
			children = (
				5682684F2CAE8219000E364A /* LearningSprint.app */,
			);
			name = Products;
			sourceTree = "<group>";
		};
		56C4941E2CC6287200E234C0 /* Controller */ = {
			isa = PBXGroup;
			children = (
				56C4941C2CC6287200E234C0 /* LoginViewController.swift */,
				56C4941D2CC6287200E234C0 /* SignUpViewController.swift */,
			);
			path = Controller;
			sourceTree = "<group>";
		};
		56C494232CC6287B00E234C0 /* View */ = {
			isa = PBXGroup;
			children = (
				56C494212CC6287B00E234C0 /* LoginView.swift */,
				56C494222CC6287B00E234C0 /* SignUpView.swift */,
			);
			path = View;
			sourceTree = "<group>";
		};
		56C4942C2CC630E500E234C0 /* Controllers */ = {
			isa = PBXGroup;
			children = (
				5613C3512CAED2F800E42FB0 /* ChatListViewController.swift */,
			);
			path = Controllers;
			sourceTree = "<group>";
		};
		56C4942D2CC630F000E234C0 /* Views */ = {
			isa = PBXGroup;
			children = (
				5613C3552CAED40500E42FB0 /* ChatListTableViewCell.swift */,
			);
			path = Views;
			sourceTree = "<group>";
		};
		56C4942E2CC630F500E234C0 /* Models */ = {
			isa = PBXGroup;
			children = (
				56F6B40A2CB2FC99007AB54B /* ChatListDataSource.swift */,
				563DA8912CAEDB68004CE389 /* ChatListModel.swift */,
			);
			path = Models;
			sourceTree = "<group>";
		};
/* End PBXGroup section */

/* Begin PBXNativeTarget section */
		5682684E2CAE8219000E364A /* LearningSprint */ = {
			isa = PBXNativeTarget;
			buildConfigurationList = 568268622CAE821B000E364A /* Build configuration list for PBXNativeTarget "LearningSprint" */;
			buildPhases = (
				5682684B2CAE8219000E364A /* Sources */,
				5682684C2CAE8219000E364A /* Frameworks */,
				5682684D2CAE8219000E364A /* Resources */,
			);
			buildRules = (
			);
			dependencies = (
			);
			name = LearningSprint;
			packageProductDependencies = (
			);
			productName = LearningSprint;
			productReference = 5682684F2CAE8219000E364A /* LearningSprint.app */;
			productType = "com.apple.product-type.application";
		};
/* End PBXNativeTarget section */

/* Begin PBXProject section */
		568268472CAE8219000E364A /* Project object */ = {
			isa = PBXProject;
			attributes = {
				BuildIndependentTargetsInParallel = 1;
				LastSwiftUpdateCheck = 1600;
				LastUpgradeCheck = 1600;
				TargetAttributes = {
					5682684E2CAE8219000E364A = {
						CreatedOnToolsVersion = 16.0;
					};
				};
			};
			buildConfigurationList = 5682684A2CAE8219000E364A /* Build configuration list for PBXProject "LearningSprint" */;
			developmentRegion = en;
			hasScannedForEncodings = 0;
			knownRegions = (
				en,
				Base,
			);
			mainGroup = 568268462CAE8219000E364A;
			minimizedProjectReferenceProxies = 1;
			preferredProjectObjectVersion = 77;
			productRefGroup = 568268502CAE8219000E364A /* Products */;
			projectDirPath = "";
			projectRoot = "";
			targets = (
				5682684E2CAE8219000E364A /* LearningSprint */,
			);
		};
/* End PBXProject section */

/* Begin PBXResourcesBuildPhase section */
		5682684D2CAE8219000E364A /* Resources */ = {
			isa = PBXResourcesBuildPhase;
			buildActionMask = 2147483647;
			files = (
				5613C34C2CAED2DA00E42FB0 /* LaunchScreen.storyboard in Resources */,
				5613C34E2CAED2DA00E42FB0 /* Assets.xcassets in Resources */,
			);
			runOnlyForDeploymentPostprocessing = 0;
		};
/* End PBXResourcesBuildPhase section */

/* Begin PBXSourcesBuildPhase section */
		5682684B2CAE8219000E364A /* Sources */ = {
			isa = PBXSourcesBuildPhase;
			buildActionMask = 2147483647;
			files = (
				56C494262CC6299400E234C0 /* AppDelegate.swift in Sources */,
				56C494272CC6299400E234C0 /* SceneDelegate.swift in Sources */,
				56C494282CC6299400E234C0 /* ChatListDataSource.swift in Sources */,
				56C494292CC6299400E234C0 /* ChatListModel.swift in Sources */,
				56C4942A2CC6299400E234C0 /* ChatListViewController.swift in Sources */,
				56C4942B2CC6299400E234C0 /* ChatListTableViewCell.swift in Sources */,
				56C494242CC6287B00E234C0 /* LoginView.swift in Sources */,
				56C494252CC6287B00E234C0 /* SignUpView.swift in Sources */,
				56C4941F2CC6287200E234C0 /* LoginViewController.swift in Sources */,
				56C494202CC6287200E234C0 /* SignUpViewController.swift in Sources */,
			);
			runOnlyForDeploymentPostprocessing = 0;
		};
/* End PBXSourcesBuildPhase section */

/* Begin PBXVariantGroup section */
		5613C3452CAED2DA00E42FB0 /* LaunchScreen.storyboard */ = {
			isa = PBXVariantGroup;
			children = (
				5613C3442CAED2DA00E42FB0 /* Base */,
			);
			name = LaunchScreen.storyboard;
			sourceTree = "<group>";
		};
/* End PBXVariantGroup section */

/* Begin XCBuildConfiguration section */
		568268632CAE821B000E364A /* Debug */ = {
			isa = XCBuildConfiguration;
			buildSettings = {
				ASSETCATALOG_COMPILER_APPICON_NAME = AppIcon;
				ASSETCATALOG_COMPILER_GLOBAL_ACCENT_COLOR_NAME = AccentColor;
				CODE_SIGN_STYLE = Automatic;
				CURRENT_PROJECT_VERSION = 1;
				DEVELOPMENT_TEAM = 5JD4YAFH7N;
				GENERATE_INFOPLIST_FILE = YES;
				INFOPLIST_FILE = LearningSprint/Info.plist;
				INFOPLIST_KEY_UIApplicationSupportsIndirectInputEvents = YES;
				INFOPLIST_KEY_UILaunchStoryboardName = LaunchScreen;
				INFOPLIST_KEY_UISupportedInterfaceOrientations_iPad = "UIInterfaceOrientationPortrait UIInterfaceOrientationPortraitUpsideDown UIInterfaceOrientationLandscapeLeft UIInterfaceOrientationLandscapeRight";
				INFOPLIST_KEY_UISupportedInterfaceOrientations_iPhone = "UIInterfaceOrientationPortrait UIInterfaceOrientationLandscapeLeft UIInterfaceOrientationLandscapeRight";
				LD_RUNPATH_SEARCH_PATHS = (
					"$(inherited)",
					"@executable_path/Frameworks",
				);
				MARKETING_VERSION = 1.0;
				PRODUCT_BUNDLE_IDENTIFIER = com.GDSC.LearningSprint;
				PRODUCT_NAME = "$(TARGET_NAME)";
				SWIFT_EMIT_LOC_STRINGS = YES;
				SWIFT_VERSION = 5.0;
				TARGETED_DEVICE_FAMILY = "1,2";
			};
			name = Debug;
		};
		568268642CAE821B000E364A /* Release */ = {
			isa = XCBuildConfiguration;
			buildSettings = {
				ASSETCATALOG_COMPILER_APPICON_NAME = AppIcon;
				ASSETCATALOG_COMPILER_GLOBAL_ACCENT_COLOR_NAME = AccentColor;
				CODE_SIGN_STYLE = Automatic;
				CURRENT_PROJECT_VERSION = 1;
				DEVELOPMENT_TEAM = 5JD4YAFH7N;
				GENERATE_INFOPLIST_FILE = YES;
				INFOPLIST_FILE = LearningSprint/Info.plist;
				INFOPLIST_KEY_UIApplicationSupportsIndirectInputEvents = YES;
				INFOPLIST_KEY_UILaunchStoryboardName = LaunchScreen;
				INFOPLIST_KEY_UISupportedInterfaceOrientations_iPad = "UIInterfaceOrientationPortrait UIInterfaceOrientationPortraitUpsideDown UIInterfaceOrientationLandscapeLeft UIInterfaceOrientationLandscapeRight";
				INFOPLIST_KEY_UISupportedInterfaceOrientations_iPhone = "UIInterfaceOrientationPortrait UIInterfaceOrientationLandscapeLeft UIInterfaceOrientationLandscapeRight";
				LD_RUNPATH_SEARCH_PATHS = (
					"$(inherited)",
					"@executable_path/Frameworks",
				);
				MARKETING_VERSION = 1.0;
				PRODUCT_BUNDLE_IDENTIFIER = com.GDSC.LearningSprint;
				PRODUCT_NAME = "$(TARGET_NAME)";
				SWIFT_EMIT_LOC_STRINGS = YES;
				SWIFT_VERSION = 5.0;
				TARGETED_DEVICE_FAMILY = "1,2";
			};
			name = Release;
		};
		568268652CAE821B000E364A /* Debug */ = {
			isa = XCBuildConfiguration;
			buildSettings = {
				ALWAYS_SEARCH_USER_PATHS = NO;
				ASSETCATALOG_COMPILER_GENERATE_SWIFT_ASSET_SYMBOL_EXTENSIONS = YES;
				CLANG_ANALYZER_NONNULL = YES;
				CLANG_ANALYZER_NUMBER_OBJECT_CONVERSION = YES_AGGRESSIVE;
				CLANG_CXX_LANGUAGE_STANDARD = "gnu++20";
				CLANG_ENABLE_MODULES = YES;
				CLANG_ENABLE_OBJC_ARC = YES;
				CLANG_ENABLE_OBJC_WEAK = YES;
				CLANG_WARN_BLOCK_CAPTURE_AUTORELEASING = YES;
				CLANG_WARN_BOOL_CONVERSION = YES;
				CLANG_WARN_COMMA = YES;
				CLANG_WARN_CONSTANT_CONVERSION = YES;
				CLANG_WARN_DEPRECATED_OBJC_IMPLEMENTATIONS = YES;
				CLANG_WARN_DIRECT_OBJC_ISA_USAGE = YES_ERROR;
				CLANG_WARN_DOCUMENTATION_COMMENTS = YES;
				CLANG_WARN_EMPTY_BODY = YES;
				CLANG_WARN_ENUM_CONVERSION = YES;
				CLANG_WARN_INFINITE_RECURSION = YES;
				CLANG_WARN_INT_CONVERSION = YES;
				CLANG_WARN_NON_LITERAL_NULL_CONVERSION = YES;
				CLANG_WARN_OBJC_IMPLICIT_RETAIN_SELF = YES;
				CLANG_WARN_OBJC_LITERAL_CONVERSION = YES;
				CLANG_WARN_OBJC_ROOT_CLASS = YES_ERROR;
				CLANG_WARN_QUOTED_INCLUDE_IN_FRAMEWORK_HEADER = YES;
				CLANG_WARN_RANGE_LOOP_ANALYSIS = YES;
				CLANG_WARN_STRICT_PROTOTYPES = YES;
				CLANG_WARN_SUSPICIOUS_MOVE = YES;
				CLANG_WARN_UNGUARDED_AVAILABILITY = YES_AGGRESSIVE;
				CLANG_WARN_UNREACHABLE_CODE = YES;
				CLANG_WARN__DUPLICATE_METHOD_MATCH = YES;
				COPY_PHASE_STRIP = NO;
				DEBUG_INFORMATION_FORMAT = dwarf;
				ENABLE_STRICT_OBJC_MSGSEND = YES;
				ENABLE_TESTABILITY = YES;
				ENABLE_USER_SCRIPT_SANDBOXING = YES;
				GCC_C_LANGUAGE_STANDARD = gnu17;
				GCC_DYNAMIC_NO_PIC = NO;
				GCC_NO_COMMON_BLOCKS = YES;
				GCC_OPTIMIZATION_LEVEL = 0;
				GCC_PREPROCESSOR_DEFINITIONS = (
					"DEBUG=1",
					"$(inherited)",
				);
				GCC_WARN_64_TO_32_BIT_CONVERSION = YES;
				GCC_WARN_ABOUT_RETURN_TYPE = YES_ERROR;
				GCC_WARN_UNDECLARED_SELECTOR = YES;
				GCC_WARN_UNINITIALIZED_AUTOS = YES_AGGRESSIVE;
				GCC_WARN_UNUSED_FUNCTION = YES;
				GCC_WARN_UNUSED_VARIABLE = YES;
				IPHONEOS_DEPLOYMENT_TARGET = 18.0;
				LOCALIZATION_PREFERS_STRING_CATALOGS = YES;
				MTL_ENABLE_DEBUG_INFO = INCLUDE_SOURCE;
				MTL_FAST_MATH = YES;
				ONLY_ACTIVE_ARCH = YES;
				SDKROOT = iphoneos;
				SWIFT_ACTIVE_COMPILATION_CONDITIONS = "DEBUG $(inherited)";
				SWIFT_OPTIMIZATION_LEVEL = "-Onone";
			};
			name = Debug;
		};
		568268662CAE821B000E364A /* Release */ = {
			isa = XCBuildConfiguration;
			buildSettings = {
				ALWAYS_SEARCH_USER_PATHS = NO;
				ASSETCATALOG_COMPILER_GENERATE_SWIFT_ASSET_SYMBOL_EXTENSIONS = YES;
				CLANG_ANALYZER_NONNULL = YES;
				CLANG_ANALYZER_NUMBER_OBJECT_CONVERSION = YES_AGGRESSIVE;
				CLANG_CXX_LANGUAGE_STANDARD = "gnu++20";
				CLANG_ENABLE_MODULES = YES;
				CLANG_ENABLE_OBJC_ARC = YES;
				CLANG_ENABLE_OBJC_WEAK = YES;
				CLANG_WARN_BLOCK_CAPTURE_AUTORELEASING = YES;
				CLANG_WARN_BOOL_CONVERSION = YES;
				CLANG_WARN_COMMA = YES;
				CLANG_WARN_CONSTANT_CONVERSION = YES;
				CLANG_WARN_DEPRECATED_OBJC_IMPLEMENTATIONS = YES;
				CLANG_WARN_DIRECT_OBJC_ISA_USAGE = YES_ERROR;
				CLANG_WARN_DOCUMENTATION_COMMENTS = YES;
				CLANG_WARN_EMPTY_BODY = YES;
				CLANG_WARN_ENUM_CONVERSION = YES;
				CLANG_WARN_INFINITE_RECURSION = YES;
				CLANG_WARN_INT_CONVERSION = YES;
				CLANG_WARN_NON_LITERAL_NULL_CONVERSION = YES;
				CLANG_WARN_OBJC_IMPLICIT_RETAIN_SELF = YES;
				CLANG_WARN_OBJC_LITERAL_CONVERSION = YES;
				CLANG_WARN_OBJC_ROOT_CLASS = YES_ERROR;
				CLANG_WARN_QUOTED_INCLUDE_IN_FRAMEWORK_HEADER = YES;
				CLANG_WARN_RANGE_LOOP_ANALYSIS = YES;
				CLANG_WARN_STRICT_PROTOTYPES = YES;
				CLANG_WARN_SUSPICIOUS_MOVE = YES;
				CLANG_WARN_UNGUARDED_AVAILABILITY = YES_AGGRESSIVE;
				CLANG_WARN_UNREACHABLE_CODE = YES;
				CLANG_WARN__DUPLICATE_METHOD_MATCH = YES;
				COPY_PHASE_STRIP = NO;
				DEBUG_INFORMATION_FORMAT = "dwarf-with-dsym";
				ENABLE_NS_ASSERTIONS = NO;
				ENABLE_STRICT_OBJC_MSGSEND = YES;
				ENABLE_USER_SCRIPT_SANDBOXING = YES;
				GCC_C_LANGUAGE_STANDARD = gnu17;
				GCC_NO_COMMON_BLOCKS = YES;
				GCC_WARN_64_TO_32_BIT_CONVERSION = YES;
				GCC_WARN_ABOUT_RETURN_TYPE = YES_ERROR;
				GCC_WARN_UNDECLARED_SELECTOR = YES;
				GCC_WARN_UNINITIALIZED_AUTOS = YES_AGGRESSIVE;
				GCC_WARN_UNUSED_FUNCTION = YES;
				GCC_WARN_UNUSED_VARIABLE = YES;
				IPHONEOS_DEPLOYMENT_TARGET = 18.0;
				LOCALIZATION_PREFERS_STRING_CATALOGS = YES;
				MTL_ENABLE_DEBUG_INFO = NO;
				MTL_FAST_MATH = YES;
				SDKROOT = iphoneos;
				SWIFT_COMPILATION_MODE = wholemodule;
				VALIDATE_PRODUCT = YES;
			};
			name = Release;
		};
/* End XCBuildConfiguration section */

/* Begin XCConfigurationList section */
		5682684A2CAE8219000E364A /* Build configuration list for PBXProject "LearningSprint" */ = {
			isa = XCConfigurationList;
			buildConfigurations = (
				568268652CAE821B000E364A /* Debug */,
				568268662CAE821B000E364A /* Release */,
			);
			defaultConfigurationIsVisible = 0;
			defaultConfigurationName = Release;
		};
		568268622CAE821B000E364A /* Build configuration list for PBXNativeTarget "LearningSprint" */ = {
			isa = XCConfigurationList;
			buildConfigurations = (
				568268632CAE821B000E364A /* Debug */,
				568268642CAE821B000E364A /* Release */,
			);
			defaultConfigurationIsVisible = 0;
			defaultConfigurationName = Release;
		};
/* End XCConfigurationList section */
	};
	rootObject = 568268472CAE8219000E364A /* Project object */;
}
